dependencies:
- name: exalsius-operator
  repository: file://charts/operator
  version: 0.1.0
- name: skypilot-nightly
  repository: https://helm.skypilot.co
  version: 1.0.0-dev.20250318
- name: gpu-operator
  repository: https://helm.ngc.nvidia.com/nvidia
  version: v24.9.2
digest: sha256:f650cda71db43cfef12989807b7a9cb123e9c46181b27a986e78df930f0c7bc0
generated: "2025-07-04T13:51:29.573651205+02:00"
