dependencies:
- name: operator
  repository: file://charts/operator
  version: 0.1.0
- name: skypilot-nightly
  repository: https://helm.skypilot.co
  version: 1.0.0-dev.20250318
- name: gpu-operator
  repository: https://helm.ngc.nvidia.com/nvidia
  version: v24.9.2
digest: sha256:3f26700ebb962c48c03f7fea99a477bd339330b5d2bf570592ea90be9ebbe375
generated: "2025-03-18T15:51:18.743694095+01:00"
