dependencies:
- name: exalsius-operator-chart
  repository: file://charts/operator
  version: 0.1.0
- name: skypilot-nightly
  repository: https://helm.skypilot.co
  version: 1.0.0-dev.20250318
- name: gpu-operator
  repository: https://helm.ngc.nvidia.com/nvidia
  version: v24.9.2
digest: sha256:207e71236b42e3b50a7115d50a0c3c0e8867322cf00aebaaed187bd80464ea22
generated: "2025-07-02T12:42:58.911734362+02:00"
